{
  "name": "face-api-helloworld",
  "version": "1.0.0",
  "lockfileVersion": 1,
  "requires": true,
  "dependencies": {
    "@tensorflow/tfjs-core": {
      "version": "0.13.8",
      "resolved": "https://registry.npmjs.org/@tensorflow/tfjs-core/-/tfjs-core-0.13.8.tgz",
      "integrity": "sha512-Vp0dU6wRisXZRUOEb7w5lPybJkJw2iR32sTlv1ZY42fReMgP7nYKPVoNaByjJ7VFmJe6fK0yURklI+vc+u8SEQ==",
      "requires": {
        "@types/seedrandom": "2.4.27",
        "@types/webgl-ext": "0.0.30",
        "@types/webgl2": "0.0.4",
        "seedrandom": "2.4.3"
      }
    },
    "@types/seedrandom": {
      "version": "2.4.27",
      "resolved": "http://registry.npmjs.org/@types/seedrandom/-/seedrandom-2.4.27.tgz",
      "integrity": "sha1-nbVjk33YaRX2kJK8QyWdL0hXjkE="
    },
    "@types/webgl-ext": {
      "version": "0.0.30",
      "resolved": "https://registry.npmjs.org/@types/webgl-ext/-/webgl-ext-0.0.30.tgz",
      "integrity": "sha512-LKVgNmBxN0BbljJrVUwkxwRYqzsAEPcZOe6S2T6ZaBDIrFp0qu4FNlpc5sM1tGbXUYFgdVQIoeLk1Y1UoblyEg=="
    },
    "@types/webgl2": {
      "version": "0.0.4",
      "resolved": "https://registry.npmjs.org/@types/webgl2/-/webgl2-0.0.4.tgz",
      "integrity": "sha512-PACt1xdErJbMUOUweSrbVM7gSIYm1vTncW2hF6Os/EeWi6TXYAYMPp+8v6rzHmypE5gHrxaxZNXgMkJVIdZpHw=="
    },
    "face-api.js": {
      "version": "0.16.0",
      "resolved": "https://registry.npmjs.org/face-api.js/-/face-api.js-0.16.0.tgz",
      "integrity": "sha512-75Z8HnFd7r7gwCn+T6nmMLIp59CUpfZuO7lJu0T+bLrV6lh5IDZ8KD419PCkSKwYfrqqt+uTOhyZy77YhOUxTg==",
      "requires": {
        "@tensorflow/tfjs-core": "0.13.8",
        "tfjs-image-recognition-base": "0.2.0",
        "tfjs-tiny-yolov2": "0.3.0",
        "tslib": "^1.9.3"
      }
    },
    "seedrandom": {
      "version": "2.4.3",
      "resolved": "https://registry.npmjs.org/seedrandom/-/seedrandom-2.4.3.tgz",
      "integrity": "sha1-JDhQTa0zkXMUv/GKxNeU8W1qrsw="
    },
    "tfjs-image-recognition-base": {
      "version": "0.2.0",
      "resolved": "https://registry.npmjs.org/tfjs-image-recognition-base/-/tfjs-image-recognition-base-0.2.0.tgz",
      "integrity": "sha512-i5IIuYXEpAsZ+jkKttDAkhF0Qd5JbbmmTKLzmnd2ynQ6L+lcr2o4bX5Tl/Rqh0OKu603HrCaOiVDutO5EX899Q==",
      "requires": {
        "@tensorflow/tfjs-core": "0.13.8",
        "tslib": "^1.9.3"
      }
    },
    "tfjs-tiny-yolov2": {
      "version": "0.3.0",
      "resolved": "https://registry.npmjs.org/tfjs-tiny-yolov2/-/tfjs-tiny-yolov2-0.3.0.tgz",
      "integrity": "sha512-z2xidL8L+HgcNewH1yxL+W32Lul5hoibYkBS4EwxeU0CtWkW8vEffCFub7wd5sggBvr+I2z/LYf+NYH4QXXOfA==",
      "requires": {
        "@tensorflow/tfjs-core": "0.13.8",
        "tfjs-image-recognition-base": "0.2.0",
        "tslib": "^1.9.3"
      }
    },
    "tslib": {
      "version": "1.9.3",
      "resolved": "https://registry.npmjs.org/tslib/-/tslib-1.9.3.tgz",
      "integrity": "sha512-4krF8scpejhaOgqzBEcGM7yDIEfi0/8+8zDRZhNZZ2kjmHJ4hv3zCbQWxoJGz1iw5U0Jl0nma13xzHXcncMavQ=="
    }
  }
}
